<?xml version="1.0" encoding="utf-8"?>
<Project ToolsVersion="17.0" xmlns="http://schemas.microsoft.com/developer/msbuild/2003">
  <ItemGroup>
    <ClCompile Include="C:\Users\orugu\Documents\GitHub\Logistics_robot\main.c">
      <Filter>Source Files</Filter>
    </ClCompile>
    <ClCompile Include="C:\Users\orugu\Documents\GitHub\Logistics_robot\linkedLIst.c">
      <Filter>Source Files</Filter>
    </ClCompile>
  </ItemGroup>
  <ItemGroup>
    <CustomBuild Include="C:\Users\orugu\Documents\GitHub\Logistics_robot\CMakeLists.txt" />
  </ItemGroup>
  <ItemGroup>
    <Filter Include="Source Files">
      <UniqueIdentifier>{65D76D52-E8BA-3CD9-90FB-5E8D7DF546B7}</UniqueIdentifier>
    </Filter>
  </ItemGroup>
</Project>
