
Microsoft Visual Studio Solution File, Format Version 12.00
# Visual Studio Version 17
Project("{8BC9CEB8-8B4A-11D0-8D11-00A0C91BC942}") = "ALL_BUILD", "ALL_BUILD.vcxproj", "{D9DDA937-D8C3-3C91-84AA-4BD84769D382}"
	ProjectSection(ProjectDependencies) = postProject
		{9E601B1F-2D70-3CCD-80B4-BFDA99F30662} = {9E601B1F-2D70-3CCD-80B4-BFDA99F30662}
		{612434DE-77E2-3358-85D8-3FAC40E9359C} = {612434DE-77E2-3358-85D8-3FAC40E9359C}
	EndProjectSection
EndProject
Project("{8BC9CEB8-8B4A-11D0-8D11-00A0C91BC942}") = "ZERO_CHECK", "ZERO_CHECK.vcxproj", "{9E601B1F-2D70-3CCD-80B4-BFDA99F30662}"
	ProjectSection(ProjectDependencies) = postProject
	EndProjectSection
EndProject
Project("{8BC9CEB8-8B4A-11D0-8D11-00A0C91BC942}") = "main.exe", "main.exe.vcxproj", "{612434DE-77E2-3358-85D8-3FAC40E9359C}"
	ProjectSection(ProjectDependencies) = postProject
		{9E601B1F-2D70-3CCD-80B4-BFDA99F30662} = {9E601B1F-2D70-3CCD-80B4-BFDA99F30662}
	EndProjectSection
EndProject
Global
	GlobalSection(SolutionConfigurationPlatforms) = preSolution
		Debug|x64 = Debug|x64
		Release|x64 = Release|x64
		MinSizeRel|x64 = MinSizeRel|x64
		RelWithDebInfo|x64 = RelWithDebInfo|x64
	EndGlobalSection
	GlobalSection(ProjectConfigurationPlatforms) = postSolution
		{D9DDA937-D8C3-3C91-84AA-4BD84769D382}.Debug|x64.ActiveCfg = Debug|x64
		{D9DDA937-D8C3-3C91-84AA-4BD84769D382}.Release|x64.ActiveCfg = Release|x64
		{D9DDA937-D8C3-3C91-84AA-4BD84769D382}.MinSizeRel|x64.ActiveCfg = MinSizeRel|x64
		{D9DDA937-D8C3-3C91-84AA-4BD84769D382}.RelWithDebInfo|x64.ActiveCfg = RelWithDebInfo|x64
		{9E601B1F-2D70-3CCD-80B4-BFDA99F30662}.Debug|x64.ActiveCfg = Debug|x64
		{9E601B1F-2D70-3CCD-80B4-BFDA99F30662}.Debug|x64.Build.0 = Debug|x64
		{9E601B1F-2D70-3CCD-80B4-BFDA99F30662}.Release|x64.ActiveCfg = Release|x64
		{9E601B1F-2D70-3CCD-80B4-BFDA99F30662}.Release|x64.Build.0 = Release|x64
		{9E601B1F-2D70-3CCD-80B4-BFDA99F30662}.MinSizeRel|x64.ActiveCfg = MinSizeRel|x64
		{9E601B1F-2D70-3CCD-80B4-BFDA99F30662}.MinSizeRel|x64.Build.0 = MinSizeRel|x64
		{9E601B1F-2D70-3CCD-80B4-BFDA99F30662}.RelWithDebInfo|x64.ActiveCfg = RelWithDebInfo|x64
		{9E601B1F-2D70-3CCD-80B4-BFDA99F30662}.RelWithDebInfo|x64.Build.0 = RelWithDebInfo|x64
		{612434DE-77E2-3358-85D8-3FAC40E9359C}.Debug|x64.ActiveCfg = Debug|x64
		{612434DE-77E2-3358-85D8-3FAC40E9359C}.Debug|x64.Build.0 = Debug|x64
		{612434DE-77E2-3358-85D8-3FAC40E9359C}.Release|x64.ActiveCfg = Release|x64
		{612434DE-77E2-3358-85D8-3FAC40E9359C}.Release|x64.Build.0 = Release|x64
		{612434DE-77E2-3358-85D8-3FAC40E9359C}.MinSizeRel|x64.ActiveCfg = MinSizeRel|x64
		{612434DE-77E2-3358-85D8-3FAC40E9359C}.MinSizeRel|x64.Build.0 = MinSizeRel|x64
		{612434DE-77E2-3358-85D8-3FAC40E9359C}.RelWithDebInfo|x64.ActiveCfg = RelWithDebInfo|x64
		{612434DE-77E2-3358-85D8-3FAC40E9359C}.RelWithDebInfo|x64.Build.0 = RelWithDebInfo|x64
	EndGlobalSection
	GlobalSection(ExtensibilityGlobals) = postSolution
		SolutionGuid = {AED0EF69-D19A-3199-ACF2-BA6912314BE7}
	EndGlobalSection
	GlobalSection(ExtensibilityAddIns) = postSolution
	EndGlobalSection
EndGlobal
