<?xml version="1.0" encoding="utf-8"?>
<Project ToolsVersion="17.0" xmlns="http://schemas.microsoft.com/developer/msbuild/2003">
  <ItemGroup>
    <CustomBuild Include="C:\Users\orugu\Documents\GitHub\Logistics_robot\CMakeFiles\6f9cae0b81b3ae825ea90520da6794a4\generate.stamp.rule">
      <Filter>CMake Rules</Filter>
    </CustomBuild>
  </ItemGroup>
  <ItemGroup>
    <Filter Include="CMake Rules">
      <UniqueIdentifier>{B3321627-4614-3C53-9AC1-E28AD1E26B92}</UniqueIdentifier>
    </Filter>
  </ItemGroup>
</Project>
